
Microsoft Visual Studio Solution File, Format Version 12.00
# Visual Studio Version 16
VisualStudioVersion = 16.0.30611.23
MinimumVisualStudioVersion = 10.0.40219.1
Project("{FAE04EC0-301F-11D3-BF4B-00C04F79EFBC}") = "web-api-gateway", "web-api-gateway\web-api-gateway.csproj", "{641E1E26-6D51-42FB-A100-4127788099EB}"
EndProject
Global
	GlobalSection(SolutionConfigurationPlatforms) = preSolution
		Debug|Any CPU = Debug|Any CPU
		Release|Any CPU = Release|Any CPU
	EndGlobalSection
	GlobalSection(ProjectConfigurationPlatforms) = postSolution
		{641E1E26-6D51-42FB-A100-4127788099EB}.Debug|Any CPU.ActiveCfg = Debug|Any CPU
		{641E1E26-6D51-42FB-A100-4127788099EB}.Debug|Any CPU.Build.0 = Debug|Any CPU
		{641E1E26-6D51-42FB-A100-4127788099EB}.Release|Any CPU.ActiveCfg = Release|Any CPU
		{641E1E26-6D51-42FB-A100-4127788099EB}.Release|Any CPU.Build.0 = Release|Any CPU
	EndGlobalSection
	GlobalSection(SolutionProperties) = preSolution
		HideSolutionNode = FALSE
	EndGlobalSection
	GlobalSection(ExtensibilityGlobals) = postSolution
		SolutionGuid = {F88212B5-A184-404A-BBD6-B25D7491774C}
	EndGlobalSection
EndGlobal
